
Microsoft Visual Studio Solution File, Format Version 12.00
# Visual Studio Version 16
VisualStudioVersion = 16.0.31129.286
MinimumVisualStudioVersion = 10.0.40219.1
Project("{8BC9CEB8-8B4A-11D0-8D11-00A0C91BC942}") = "01_数组", "01_数组\01_数组.vcxproj", "{30EF14C0-3FBF-44B6-8B50-34DD9544477C}"
EndProject
Project("{8BC9CEB8-8B4A-11D0-8D11-00A0C91BC942}") = "02_链表", "02_链表\02_链表.vcxproj", "{98DBAA17-1994-40C2-B223-F86CA1C4A3C3}"
EndProject
Project("{8BC9CEB8-8B4A-11D0-8D11-00A0C91BC942}") = "03_单向循环链表", "03_单向循环链表\03_单向循环链表.vcxproj", "{0D4F0CD3-833C-4C0F-88C2-0DA676E25BAF}"
EndProject
Project("{8BC9CEB8-8B4A-11D0-8D11-00A0C91BC942}") = "04_双向链表", "04_双向链表\04_双向链表.vcxproj", "{1F81A04E-0B14-453B-9056-21CD8F23A2A2}"
EndProject
Project("{8BC9CEB8-8B4A-11D0-8D11-00A0C91BC942}") = "05_双向循环链表", "05_双向循环链表\05_双向循环链表.vcxproj", "{E1320F08-828C-4F6B-9FC6-EFEC033C186B}"
EndProject
Project("{8BC9CEB8-8B4A-11D0-8D11-00A0C91BC942}") = "06_栈", "06_栈\06_栈.vcxproj", "{7C6FF2BA-6A31-411E-99DC-EACA9A99E2F2}"
EndProject
Project("{8BC9CEB8-8B4A-11D0-8D11-00A0C91BC942}") = "07_链式栈", "07_链式栈\07_链式栈.vcxproj", "{2DBD0693-96C4-4ED7-A178-DF068E7E7382}"
EndProject
Project("{8BC9CEB8-8B4A-11D0-8D11-00A0C91BC942}") = "08_环形队列", "08_环形队列\08_环形队列.vcxproj", "{C7A092E2-4BB4-42FF-A4DD-CCB39273EC4F}"
EndProject
Project("{8BC9CEB8-8B4A-11D0-8D11-00A0C91BC942}") = "09_链式队列", "09_链式队列\09_链式队列.vcxproj", "{2BFF5345-CA32-4F65-A291-4CB060945289}"
EndProject
Project("{8BC9CEB8-8B4A-11D0-8D11-00A0C91BC942}") = "10_二分搜索算法", "10_二分搜索算法\10_二分搜索算法.vcxproj", "{96137AEB-FAC5-47B4-B4C8-5638F43A23D9}"
EndProject
Project("{8BC9CEB8-8B4A-11D0-8D11-00A0C91BC942}") = "11_基础排序", "11_基础排序\11_基础排序.vcxproj", "{361C9617-21E2-447F-B1BA-A894888BD906}"
EndProject
Project("{8BC9CEB8-8B4A-11D0-8D11-00A0C91BC942}") = "12_快速排序", "12_快速排序\12_快速排序.vcxproj", "{BB818A46-3368-48A3-A810-29DF77BFCA05}"
EndProject
Project("{8BC9CEB8-8B4A-11D0-8D11-00A0C91BC942}") = "13_归并排序", "13_归并排序\13_归并排序.vcxproj", "{BFE83DA5-1FA8-47FE-90F4-4B681AFE14F8}"
EndProject
Project("{8BC9CEB8-8B4A-11D0-8D11-00A0C91BC942}") = "14_二叉堆", "14_二叉堆\14_二叉堆.vcxproj", "{C69A15F5-4AA9-4EFA-A79B-C035CD5CDB05}"
EndProject
Project("{8BC9CEB8-8B4A-11D0-8D11-00A0C91BC942}") = "15_堆排序", "15_堆排序\15_堆排序.vcxproj", "{B9CF8CC9-AEFF-463A-A4AB-AB53F4A29CAA}"
EndProject
Project("{8BC9CEB8-8B4A-11D0-8D11-00A0C91BC942}") = "16_高级排序性能测试", "16_高级排序性能测试\16_高级排序性能测试.vcxproj", "{3AF3CC83-4DF6-41FF-BFE9-58E5D3269FDA}"
EndProject
Project("{8BC9CEB8-8B4A-11D0-8D11-00A0C91BC942}") = "17_基数排序", "17_基数排序\17_基数排序.vcxproj", "{B58F2E34-6C4B-49BB-9107-D93C74BC9AC1}"
EndProject
Project("{8BC9CEB8-8B4A-11D0-8D11-00A0C91BC942}") = "18_线性探测哈希表", "18_线性探测哈希表\18_线性探测哈希表.vcxproj", "{BBBF7DD3-0984-4593-986F-2D5FC5B9BECC}"
EndProject
Project("{8BC9CEB8-8B4A-11D0-8D11-00A0C91BC942}") = "19_链式哈希表", "19_链式哈希表\19_链式哈希表.vcxproj", "{1D663CD0-495D-4A6D-9DC9-59CE9EBB0902}"
EndProject
Project("{8BC9CEB8-8B4A-11D0-8D11-00A0C91BC942}") = "20_大数据查重", "20_大数据查重\20_大数据查重.vcxproj", "{29518EC5-BF4E-4FA1-8B02-C2BA45DEE5B8}"
EndProject
Project("{8BC9CEB8-8B4A-11D0-8D11-00A0C91BC942}") = "21_大数据查重-位图", "21_大数据查重-位图\21_大数据查重-位图.vcxproj", "{9F1AA92F-3730-4EC9-B871-9838CDBCC615}"
EndProject
Project("{8BC9CEB8-8B4A-11D0-8D11-00A0C91BC942}") = "22_布隆过滤器", "22_布隆过滤器\22_布隆过滤器.vcxproj", "{AB83EB61-2A01-47EA-930E-14AE35EA1B6D}"
EndProject
Project("{8BC9CEB8-8B4A-11D0-8D11-00A0C91BC942}") = "23_大数据top k-大小根堆", "23_大数据top k-大小根堆\23_大数据top k-大小根堆.vcxproj", "{52426C0D-F45B-4453-9FCA-86DAB4B4067F}"
EndProject
Project("{8BC9CEB8-8B4A-11D0-8D11-00A0C91BC942}") = "24_大数据top k-快排分割", "24_大数据top k-快排分割\24_大数据top k-快排分割.vcxproj", "{190830AA-3132-4692-A55F-8EDDAC68E972}"
EndProject
Project("{8BC9CEB8-8B4A-11D0-8D11-00A0C91BC942}") = "25_一致性哈希算法", "25_一致性哈希算法\25_一致性哈希算法.vcxproj", "{48D85F72-E1BA-47F9-B422-CF2CF0236E36}"
EndProject
Project("{8BC9CEB8-8B4A-11D0-8D11-00A0C91BC942}") = "26_串操作", "26_串操作\26_串操作.vcxproj", "{FD9EB706-3925-4139-AC05-0113A31B1B22}"
EndProject
Project("{8BC9CEB8-8B4A-11D0-8D11-00A0C91BC942}") = "27_BST树", "27_BST树\27_BST树.vcxproj", "{C5D9BF29-E161-469D-9703-5D02076F573D}"
EndProject
Project("{8BC9CEB8-8B4A-11D0-8D11-00A0C91BC942}") = "28_AVL树", "28_AVL树\28_AVL树.vcxproj", "{B8ADEB6B-2875-4902-B9F6-957B6A8B2228}"
EndProject
Project("{8BC9CEB8-8B4A-11D0-8D11-00A0C91BC942}") = "29_RB红黑树", "29_RB红黑树\29_RB红黑树.vcxproj", "{F13FD2AE-D150-47DB-8477-FB3FB2671FE1}"
EndProject
Project("{8BC9CEB8-8B4A-11D0-8D11-00A0C91BC942}") = "30_跳跃表", "30_跳跃表\30_跳跃表.vcxproj", "{9D389A4C-0114-41EC-868C-6E5B055A2913}"
EndProject
Project("{8BC9CEB8-8B4A-11D0-8D11-00A0C91BC942}") = "32_分治算法", "32_分治算法\32_分治算法.vcxproj", "{07DC8977-B04A-4AA5-8151-93D574EBA3B6}"
EndProject
Project("{8BC9CEB8-8B4A-11D0-8D11-00A0C91BC942}") = "31_回溯算法", "31_回溯算法\31_回溯算法.vcxproj", "{6A23AF53-EF49-4621-84E9-7A155B99BB70}"
EndProject
Project("{8BC9CEB8-8B4A-11D0-8D11-00A0C91BC942}") = "33_动态规划算法", "33_动态规划算法\33_动态规划算法.vcxproj", "{D834CEAE-5727-4DCA-893D-5AADD893DDB1}"
EndProject
Project("{8BC9CEB8-8B4A-11D0-8D11-00A0C91BC942}") = "34_贪心算法", "34_贪心算法\34_贪心算法.vcxproj", "{7645423F-D04B-45CF-A47B-6E4CC9E4B0BB}"
EndProject
Project("{8BC9CEB8-8B4A-11D0-8D11-00A0C91BC942}") = "35_分支限界算法", "35_分支限界算法\35_分支限界算法.vcxproj", "{D8F43779-C5F0-4818-8FBC-5BDCE0EA94C6}"
EndProject
Project("{8BC9CEB8-8B4A-11D0-8D11-00A0C91BC942}") = "36_Trie字典树", "36_Trie字典树\36_Trie字典树.vcxproj", "{F30F1146-1C67-45AD-8932-C11DF6C40826}"
EndProject
Project("{8BC9CEB8-8B4A-11D0-8D11-00A0C91BC942}") = "37_倒排索引", "37_倒排索引\37_倒排索引.vcxproj", "{BA515BD5-57E7-4EA9-8B99-D36D9AD3A300}"
EndProject
Project("{8BC9CEB8-8B4A-11D0-8D11-00A0C91BC942}") = "38_哈夫曼树和哈夫曼编码", "38_哈夫曼树和哈夫曼编码\38_哈夫曼树和哈夫曼编码.vcxproj", "{A2DDF69F-D941-4471-A0B4-6DE48E405D92}"
EndProject
Project("{8BC9CEB8-8B4A-11D0-8D11-00A0C91BC942}") = "39_图和最短路径算法", "39_图和最短路径算法\39_图和最短路径算法.vcxproj", "{D9F9B88E-961B-4D01-AB73-0B6712896744}"
EndProject
Project("{8BC9CEB8-8B4A-11D0-8D11-00A0C91BC942}") = "40 并查集和最小生成树", "40 并查集和最小生成树\40 并查集和最小生成树.vcxproj", "{19313803-D3AF-4695-9D1D-FDED36AE72FF}"
EndProject
Global
	GlobalSection(SolutionConfigurationPlatforms) = preSolution
		Debug|x64 = Debug|x64
		Debug|x86 = Debug|x86
		Release|x64 = Release|x64
		Release|x86 = Release|x86
	EndGlobalSection
	GlobalSection(ProjectConfigurationPlatforms) = postSolution
		{30EF14C0-3FBF-44B6-8B50-34DD9544477C}.Debug|x64.ActiveCfg = Debug|x64
		{30EF14C0-3FBF-44B6-8B50-34DD9544477C}.Debug|x64.Build.0 = Debug|x64
		{30EF14C0-3FBF-44B6-8B50-34DD9544477C}.Debug|x86.ActiveCfg = Debug|Win32
		{30EF14C0-3FBF-44B6-8B50-34DD9544477C}.Debug|x86.Build.0 = Debug|Win32
		{30EF14C0-3FBF-44B6-8B50-34DD9544477C}.Release|x64.ActiveCfg = Release|x64
		{30EF14C0-3FBF-44B6-8B50-34DD9544477C}.Release|x64.Build.0 = Release|x64
		{30EF14C0-3FBF-44B6-8B50-34DD9544477C}.Release|x86.ActiveCfg = Release|Win32
		{30EF14C0-3FBF-44B6-8B50-34DD9544477C}.Release|x86.Build.0 = Release|Win32
		{98DBAA17-1994-40C2-B223-F86CA1C4A3C3}.Debug|x64.ActiveCfg = Debug|x64
		{98DBAA17-1994-40C2-B223-F86CA1C4A3C3}.Debug|x64.Build.0 = Debug|x64
		{98DBAA17-1994-40C2-B223-F86CA1C4A3C3}.Debug|x86.ActiveCfg = Debug|Win32
		{98DBAA17-1994-40C2-B223-F86CA1C4A3C3}.Debug|x86.Build.0 = Debug|Win32
		{98DBAA17-1994-40C2-B223-F86CA1C4A3C3}.Release|x64.ActiveCfg = Release|x64
		{98DBAA17-1994-40C2-B223-F86CA1C4A3C3}.Release|x64.Build.0 = Release|x64
		{98DBAA17-1994-40C2-B223-F86CA1C4A3C3}.Release|x86.ActiveCfg = Release|Win32
		{98DBAA17-1994-40C2-B223-F86CA1C4A3C3}.Release|x86.Build.0 = Release|Win32
		{0D4F0CD3-833C-4C0F-88C2-0DA676E25BAF}.Debug|x64.ActiveCfg = Debug|x64
		{0D4F0CD3-833C-4C0F-88C2-0DA676E25BAF}.Debug|x64.Build.0 = Debug|x64
		{0D4F0CD3-833C-4C0F-88C2-0DA676E25BAF}.Debug|x86.ActiveCfg = Debug|Win32
		{0D4F0CD3-833C-4C0F-88C2-0DA676E25BAF}.Debug|x86.Build.0 = Debug|Win32
		{0D4F0CD3-833C-4C0F-88C2-0DA676E25BAF}.Release|x64.ActiveCfg = Release|x64
		{0D4F0CD3-833C-4C0F-88C2-0DA676E25BAF}.Release|x64.Build.0 = Release|x64
		{0D4F0CD3-833C-4C0F-88C2-0DA676E25BAF}.Release|x86.ActiveCfg = Release|Win32
		{0D4F0CD3-833C-4C0F-88C2-0DA676E25BAF}.Release|x86.Build.0 = Release|Win32
		{1F81A04E-0B14-453B-9056-21CD8F23A2A2}.Debug|x64.ActiveCfg = Debug|x64
		{1F81A04E-0B14-453B-9056-21CD8F23A2A2}.Debug|x64.Build.0 = Debug|x64
		{1F81A04E-0B14-453B-9056-21CD8F23A2A2}.Debug|x86.ActiveCfg = Debug|Win32
		{1F81A04E-0B14-453B-9056-21CD8F23A2A2}.Debug|x86.Build.0 = Debug|Win32
		{1F81A04E-0B14-453B-9056-21CD8F23A2A2}.Release|x64.ActiveCfg = Release|x64
		{1F81A04E-0B14-453B-9056-21CD8F23A2A2}.Release|x64.Build.0 = Release|x64
		{1F81A04E-0B14-453B-9056-21CD8F23A2A2}.Release|x86.ActiveCfg = Release|Win32
		{1F81A04E-0B14-453B-9056-21CD8F23A2A2}.Release|x86.Build.0 = Release|Win32
		{E1320F08-828C-4F6B-9FC6-EFEC033C186B}.Debug|x64.ActiveCfg = Debug|x64
		{E1320F08-828C-4F6B-9FC6-EFEC033C186B}.Debug|x64.Build.0 = Debug|x64
		{E1320F08-828C-4F6B-9FC6-EFEC033C186B}.Debug|x86.ActiveCfg = Debug|Win32
		{E1320F08-828C-4F6B-9FC6-EFEC033C186B}.Debug|x86.Build.0 = Debug|Win32
		{E1320F08-828C-4F6B-9FC6-EFEC033C186B}.Release|x64.ActiveCfg = Release|x64
		{E1320F08-828C-4F6B-9FC6-EFEC033C186B}.Release|x64.Build.0 = Release|x64
		{E1320F08-828C-4F6B-9FC6-EFEC033C186B}.Release|x86.ActiveCfg = Release|Win32
		{E1320F08-828C-4F6B-9FC6-EFEC033C186B}.Release|x86.Build.0 = Release|Win32
		{7C6FF2BA-6A31-411E-99DC-EACA9A99E2F2}.Debug|x64.ActiveCfg = Debug|x64
		{7C6FF2BA-6A31-411E-99DC-EACA9A99E2F2}.Debug|x64.Build.0 = Debug|x64
		{7C6FF2BA-6A31-411E-99DC-EACA9A99E2F2}.Debug|x86.ActiveCfg = Debug|Win32
		{7C6FF2BA-6A31-411E-99DC-EACA9A99E2F2}.Debug|x86.Build.0 = Debug|Win32
		{7C6FF2BA-6A31-411E-99DC-EACA9A99E2F2}.Release|x64.ActiveCfg = Release|x64
		{7C6FF2BA-6A31-411E-99DC-EACA9A99E2F2}.Release|x64.Build.0 = Release|x64
		{7C6FF2BA-6A31-411E-99DC-EACA9A99E2F2}.Release|x86.ActiveCfg = Release|Win32
		{7C6FF2BA-6A31-411E-99DC-EACA9A99E2F2}.Release|x86.Build.0 = Release|Win32
		{2DBD0693-96C4-4ED7-A178-DF068E7E7382}.Debug|x64.ActiveCfg = Debug|x64
		{2DBD0693-96C4-4ED7-A178-DF068E7E7382}.Debug|x64.Build.0 = Debug|x64
		{2DBD0693-96C4-4ED7-A178-DF068E7E7382}.Debug|x86.ActiveCfg = Debug|Win32
		{2DBD0693-96C4-4ED7-A178-DF068E7E7382}.Debug|x86.Build.0 = Debug|Win32
		{2DBD0693-96C4-4ED7-A178-DF068E7E7382}.Release|x64.ActiveCfg = Release|x64
		{2DBD0693-96C4-4ED7-A178-DF068E7E7382}.Release|x64.Build.0 = Release|x64
		{2DBD0693-96C4-4ED7-A178-DF068E7E7382}.Release|x86.ActiveCfg = Release|Win32
		{2DBD0693-96C4-4ED7-A178-DF068E7E7382}.Release|x86.Build.0 = Release|Win32
		{C7A092E2-4BB4-42FF-A4DD-CCB39273EC4F}.Debug|x64.ActiveCfg = Debug|x64
		{C7A092E2-4BB4-42FF-A4DD-CCB39273EC4F}.Debug|x64.Build.0 = Debug|x64
		{C7A092E2-4BB4-42FF-A4DD-CCB39273EC4F}.Debug|x86.ActiveCfg = Debug|Win32
		{C7A092E2-4BB4-42FF-A4DD-CCB39273EC4F}.Debug|x86.Build.0 = Debug|Win32
		{C7A092E2-4BB4-42FF-A4DD-CCB39273EC4F}.Release|x64.ActiveCfg = Release|x64
		{C7A092E2-4BB4-42FF-A4DD-CCB39273EC4F}.Release|x64.Build.0 = Release|x64
		{C7A092E2-4BB4-42FF-A4DD-CCB39273EC4F}.Release|x86.ActiveCfg = Release|Win32
		{C7A092E2-4BB4-42FF-A4DD-CCB39273EC4F}.Release|x86.Build.0 = Release|Win32
		{2BFF5345-CA32-4F65-A291-4CB060945289}.Debug|x64.ActiveCfg = Debug|x64
		{2BFF5345-CA32-4F65-A291-4CB060945289}.Debug|x64.Build.0 = Debug|x64
		{2BFF5345-CA32-4F65-A291-4CB060945289}.Debug|x86.ActiveCfg = Debug|Win32
		{2BFF5345-CA32-4F65-A291-4CB060945289}.Debug|x86.Build.0 = Debug|Win32
		{2BFF5345-CA32-4F65-A291-4CB060945289}.Release|x64.ActiveCfg = Release|x64
		{2BFF5345-CA32-4F65-A291-4CB060945289}.Release|x64.Build.0 = Release|x64
		{2BFF5345-CA32-4F65-A291-4CB060945289}.Release|x86.ActiveCfg = Release|Win32
		{2BFF5345-CA32-4F65-A291-4CB060945289}.Release|x86.Build.0 = Release|Win32
		{96137AEB-FAC5-47B4-B4C8-5638F43A23D9}.Debug|x64.ActiveCfg = Debug|x64
		{96137AEB-FAC5-47B4-B4C8-5638F43A23D9}.Debug|x64.Build.0 = Debug|x64
		{96137AEB-FAC5-47B4-B4C8-5638F43A23D9}.Debug|x86.ActiveCfg = Debug|Win32
		{96137AEB-FAC5-47B4-B4C8-5638F43A23D9}.Debug|x86.Build.0 = Debug|Win32
		{96137AEB-FAC5-47B4-B4C8-5638F43A23D9}.Release|x64.ActiveCfg = Release|x64
		{96137AEB-FAC5-47B4-B4C8-5638F43A23D9}.Release|x64.Build.0 = Release|x64
		{96137AEB-FAC5-47B4-B4C8-5638F43A23D9}.Release|x86.ActiveCfg = Release|Win32
		{96137AEB-FAC5-47B4-B4C8-5638F43A23D9}.Release|x86.Build.0 = Release|Win32
		{361C9617-21E2-447F-B1BA-A894888BD906}.Debug|x64.ActiveCfg = Debug|x64
		{361C9617-21E2-447F-B1BA-A894888BD906}.Debug|x64.Build.0 = Debug|x64
		{361C9617-21E2-447F-B1BA-A894888BD906}.Debug|x86.ActiveCfg = Debug|Win32
		{361C9617-21E2-447F-B1BA-A894888BD906}.Debug|x86.Build.0 = Debug|Win32
		{361C9617-21E2-447F-B1BA-A894888BD906}.Release|x64.ActiveCfg = Release|x64
		{361C9617-21E2-447F-B1BA-A894888BD906}.Release|x64.Build.0 = Release|x64
		{361C9617-21E2-447F-B1BA-A894888BD906}.Release|x86.ActiveCfg = Release|Win32
		{361C9617-21E2-447F-B1BA-A894888BD906}.Release|x86.Build.0 = Release|Win32
		{BB818A46-3368-48A3-A810-29DF77BFCA05}.Debug|x64.ActiveCfg = Debug|x64
		{BB818A46-3368-48A3-A810-29DF77BFCA05}.Debug|x64.Build.0 = Debug|x64
		{BB818A46-3368-48A3-A810-29DF77BFCA05}.Debug|x86.ActiveCfg = Debug|Win32
		{BB818A46-3368-48A3-A810-29DF77BFCA05}.Debug|x86.Build.0 = Debug|Win32
		{BB818A46-3368-48A3-A810-29DF77BFCA05}.Release|x64.ActiveCfg = Release|x64
		{BB818A46-3368-48A3-A810-29DF77BFCA05}.Release|x64.Build.0 = Release|x64
		{BB818A46-3368-48A3-A810-29DF77BFCA05}.Release|x86.ActiveCfg = Release|Win32
		{BB818A46-3368-48A3-A810-29DF77BFCA05}.Release|x86.Build.0 = Release|Win32
		{BFE83DA5-1FA8-47FE-90F4-4B681AFE14F8}.Debug|x64.ActiveCfg = Debug|x64
		{BFE83DA5-1FA8-47FE-90F4-4B681AFE14F8}.Debug|x64.Build.0 = Debug|x64
		{BFE83DA5-1FA8-47FE-90F4-4B681AFE14F8}.Debug|x86.ActiveCfg = Debug|Win32
		{BFE83DA5-1FA8-47FE-90F4-4B681AFE14F8}.Debug|x86.Build.0 = Debug|Win32
		{BFE83DA5-1FA8-47FE-90F4-4B681AFE14F8}.Release|x64.ActiveCfg = Release|x64
		{BFE83DA5-1FA8-47FE-90F4-4B681AFE14F8}.Release|x64.Build.0 = Release|x64
		{BFE83DA5-1FA8-47FE-90F4-4B681AFE14F8}.Release|x86.ActiveCfg = Release|Win32
		{BFE83DA5-1FA8-47FE-90F4-4B681AFE14F8}.Release|x86.Build.0 = Release|Win32
		{C69A15F5-4AA9-4EFA-A79B-C035CD5CDB05}.Debug|x64.ActiveCfg = Debug|x64
		{C69A15F5-4AA9-4EFA-A79B-C035CD5CDB05}.Debug|x64.Build.0 = Debug|x64
		{C69A15F5-4AA9-4EFA-A79B-C035CD5CDB05}.Debug|x86.ActiveCfg = Debug|Win32
		{C69A15F5-4AA9-4EFA-A79B-C035CD5CDB05}.Debug|x86.Build.0 = Debug|Win32
		{C69A15F5-4AA9-4EFA-A79B-C035CD5CDB05}.Release|x64.ActiveCfg = Release|x64
		{C69A15F5-4AA9-4EFA-A79B-C035CD5CDB05}.Release|x64.Build.0 = Release|x64
		{C69A15F5-4AA9-4EFA-A79B-C035CD5CDB05}.Release|x86.ActiveCfg = Release|Win32
		{C69A15F5-4AA9-4EFA-A79B-C035CD5CDB05}.Release|x86.Build.0 = Release|Win32
		{B9CF8CC9-AEFF-463A-A4AB-AB53F4A29CAA}.Debug|x64.ActiveCfg = Debug|x64
		{B9CF8CC9-AEFF-463A-A4AB-AB53F4A29CAA}.Debug|x64.Build.0 = Debug|x64
		{B9CF8CC9-AEFF-463A-A4AB-AB53F4A29CAA}.Debug|x86.ActiveCfg = Debug|Win32
		{B9CF8CC9-AEFF-463A-A4AB-AB53F4A29CAA}.Debug|x86.Build.0 = Debug|Win32
		{B9CF8CC9-AEFF-463A-A4AB-AB53F4A29CAA}.Release|x64.ActiveCfg = Release|x64
		{B9CF8CC9-AEFF-463A-A4AB-AB53F4A29CAA}.Release|x64.Build.0 = Release|x64
		{B9CF8CC9-AEFF-463A-A4AB-AB53F4A29CAA}.Release|x86.ActiveCfg = Release|Win32
		{B9CF8CC9-AEFF-463A-A4AB-AB53F4A29CAA}.Release|x86.Build.0 = Release|Win32
		{3AF3CC83-4DF6-41FF-BFE9-58E5D3269FDA}.Debug|x64.ActiveCfg = Debug|x64
		{3AF3CC83-4DF6-41FF-BFE9-58E5D3269FDA}.Debug|x64.Build.0 = Debug|x64
		{3AF3CC83-4DF6-41FF-BFE9-58E5D3269FDA}.Debug|x86.ActiveCfg = Debug|Win32
		{3AF3CC83-4DF6-41FF-BFE9-58E5D3269FDA}.Debug|x86.Build.0 = Debug|Win32
		{3AF3CC83-4DF6-41FF-BFE9-58E5D3269FDA}.Release|x64.ActiveCfg = Release|x64
		{3AF3CC83-4DF6-41FF-BFE9-58E5D3269FDA}.Release|x64.Build.0 = Release|x64
		{3AF3CC83-4DF6-41FF-BFE9-58E5D3269FDA}.Release|x86.ActiveCfg = Release|Win32
		{3AF3CC83-4DF6-41FF-BFE9-58E5D3269FDA}.Release|x86.Build.0 = Release|Win32
		{B58F2E34-6C4B-49BB-9107-D93C74BC9AC1}.Debug|x64.ActiveCfg = Debug|x64
		{B58F2E34-6C4B-49BB-9107-D93C74BC9AC1}.Debug|x64.Build.0 = Debug|x64
		{B58F2E34-6C4B-49BB-9107-D93C74BC9AC1}.Debug|x86.ActiveCfg = Debug|Win32
		{B58F2E34-6C4B-49BB-9107-D93C74BC9AC1}.Debug|x86.Build.0 = Debug|Win32
		{B58F2E34-6C4B-49BB-9107-D93C74BC9AC1}.Release|x64.ActiveCfg = Release|x64
		{B58F2E34-6C4B-49BB-9107-D93C74BC9AC1}.Release|x64.Build.0 = Release|x64
		{B58F2E34-6C4B-49BB-9107-D93C74BC9AC1}.Release|x86.ActiveCfg = Release|Win32
		{B58F2E34-6C4B-49BB-9107-D93C74BC9AC1}.Release|x86.Build.0 = Release|Win32
		{BBBF7DD3-0984-4593-986F-2D5FC5B9BECC}.Debug|x64.ActiveCfg = Debug|x64
		{BBBF7DD3-0984-4593-986F-2D5FC5B9BECC}.Debug|x64.Build.0 = Debug|x64
		{BBBF7DD3-0984-4593-986F-2D5FC5B9BECC}.Debug|x86.ActiveCfg = Debug|Win32
		{BBBF7DD3-0984-4593-986F-2D5FC5B9BECC}.Debug|x86.Build.0 = Debug|Win32
		{BBBF7DD3-0984-4593-986F-2D5FC5B9BECC}.Release|x64.ActiveCfg = Release|x64
		{BBBF7DD3-0984-4593-986F-2D5FC5B9BECC}.Release|x64.Build.0 = Release|x64
		{BBBF7DD3-0984-4593-986F-2D5FC5B9BECC}.Release|x86.ActiveCfg = Release|Win32
		{BBBF7DD3-0984-4593-986F-2D5FC5B9BECC}.Release|x86.Build.0 = Release|Win32
		{1D663CD0-495D-4A6D-9DC9-59CE9EBB0902}.Debug|x64.ActiveCfg = Debug|x64
		{1D663CD0-495D-4A6D-9DC9-59CE9EBB0902}.Debug|x64.Build.0 = Debug|x64
		{1D663CD0-495D-4A6D-9DC9-59CE9EBB0902}.Debug|x86.ActiveCfg = Debug|Win32
		{1D663CD0-495D-4A6D-9DC9-59CE9EBB0902}.Debug|x86.Build.0 = Debug|Win32
		{1D663CD0-495D-4A6D-9DC9-59CE9EBB0902}.Release|x64.ActiveCfg = Release|x64
		{1D663CD0-495D-4A6D-9DC9-59CE9EBB0902}.Release|x64.Build.0 = Release|x64
		{1D663CD0-495D-4A6D-9DC9-59CE9EBB0902}.Release|x86.ActiveCfg = Release|Win32
		{1D663CD0-495D-4A6D-9DC9-59CE9EBB0902}.Release|x86.Build.0 = Release|Win32
		{29518EC5-BF4E-4FA1-8B02-C2BA45DEE5B8}.Debug|x64.ActiveCfg = Debug|x64
		{29518EC5-BF4E-4FA1-8B02-C2BA45DEE5B8}.Debug|x64.Build.0 = Debug|x64
		{29518EC5-BF4E-4FA1-8B02-C2BA45DEE5B8}.Debug|x86.ActiveCfg = Debug|Win32
		{29518EC5-BF4E-4FA1-8B02-C2BA45DEE5B8}.Debug|x86.Build.0 = Debug|Win32
		{29518EC5-BF4E-4FA1-8B02-C2BA45DEE5B8}.Release|x64.ActiveCfg = Release|x64
		{29518EC5-BF4E-4FA1-8B02-C2BA45DEE5B8}.Release|x64.Build.0 = Release|x64
		{29518EC5-BF4E-4FA1-8B02-C2BA45DEE5B8}.Release|x86.ActiveCfg = Release|Win32
		{29518EC5-BF4E-4FA1-8B02-C2BA45DEE5B8}.Release|x86.Build.0 = Release|Win32
		{9F1AA92F-3730-4EC9-B871-9838CDBCC615}.Debug|x64.ActiveCfg = Debug|x64
		{9F1AA92F-3730-4EC9-B871-9838CDBCC615}.Debug|x64.Build.0 = Debug|x64
		{9F1AA92F-3730-4EC9-B871-9838CDBCC615}.Debug|x86.ActiveCfg = Debug|Win32
		{9F1AA92F-3730-4EC9-B871-9838CDBCC615}.Debug|x86.Build.0 = Debug|Win32
		{9F1AA92F-3730-4EC9-B871-9838CDBCC615}.Release|x64.ActiveCfg = Release|x64
		{9F1AA92F-3730-4EC9-B871-9838CDBCC615}.Release|x64.Build.0 = Release|x64
		{9F1AA92F-3730-4EC9-B871-9838CDBCC615}.Release|x86.ActiveCfg = Release|Win32
		{9F1AA92F-3730-4EC9-B871-9838CDBCC615}.Release|x86.Build.0 = Release|Win32
		{AB83EB61-2A01-47EA-930E-14AE35EA1B6D}.Debug|x64.ActiveCfg = Debug|x64
		{AB83EB61-2A01-47EA-930E-14AE35EA1B6D}.Debug|x64.Build.0 = Debug|x64
		{AB83EB61-2A01-47EA-930E-14AE35EA1B6D}.Debug|x86.ActiveCfg = Debug|Win32
		{AB83EB61-2A01-47EA-930E-14AE35EA1B6D}.Debug|x86.Build.0 = Debug|Win32
		{AB83EB61-2A01-47EA-930E-14AE35EA1B6D}.Release|x64.ActiveCfg = Release|x64
		{AB83EB61-2A01-47EA-930E-14AE35EA1B6D}.Release|x64.Build.0 = Release|x64
		{AB83EB61-2A01-47EA-930E-14AE35EA1B6D}.Release|x86.ActiveCfg = Release|Win32
		{AB83EB61-2A01-47EA-930E-14AE35EA1B6D}.Release|x86.Build.0 = Release|Win32
		{52426C0D-F45B-4453-9FCA-86DAB4B4067F}.Debug|x64.ActiveCfg = Debug|x64
		{52426C0D-F45B-4453-9FCA-86DAB4B4067F}.Debug|x64.Build.0 = Debug|x64
		{52426C0D-F45B-4453-9FCA-86DAB4B4067F}.Debug|x86.ActiveCfg = Debug|Win32
		{52426C0D-F45B-4453-9FCA-86DAB4B4067F}.Debug|x86.Build.0 = Debug|Win32
		{52426C0D-F45B-4453-9FCA-86DAB4B4067F}.Release|x64.ActiveCfg = Release|x64
		{52426C0D-F45B-4453-9FCA-86DAB4B4067F}.Release|x64.Build.0 = Release|x64
		{52426C0D-F45B-4453-9FCA-86DAB4B4067F}.Release|x86.ActiveCfg = Release|Win32
		{52426C0D-F45B-4453-9FCA-86DAB4B4067F}.Release|x86.Build.0 = Release|Win32
		{190830AA-3132-4692-A55F-8EDDAC68E972}.Debug|x64.ActiveCfg = Debug|x64
		{190830AA-3132-4692-A55F-8EDDAC68E972}.Debug|x64.Build.0 = Debug|x64
		{190830AA-3132-4692-A55F-8EDDAC68E972}.Debug|x86.ActiveCfg = Debug|Win32
		{190830AA-3132-4692-A55F-8EDDAC68E972}.Debug|x86.Build.0 = Debug|Win32
		{190830AA-3132-4692-A55F-8EDDAC68E972}.Release|x64.ActiveCfg = Release|x64
		{190830AA-3132-4692-A55F-8EDDAC68E972}.Release|x64.Build.0 = Release|x64
		{190830AA-3132-4692-A55F-8EDDAC68E972}.Release|x86.ActiveCfg = Release|Win32
		{190830AA-3132-4692-A55F-8EDDAC68E972}.Release|x86.Build.0 = Release|Win32
		{48D85F72-E1BA-47F9-B422-CF2CF0236E36}.Debug|x64.ActiveCfg = Debug|x64
		{48D85F72-E1BA-47F9-B422-CF2CF0236E36}.Debug|x64.Build.0 = Debug|x64
		{48D85F72-E1BA-47F9-B422-CF2CF0236E36}.Debug|x86.ActiveCfg = Debug|Win32
		{48D85F72-E1BA-47F9-B422-CF2CF0236E36}.Debug|x86.Build.0 = Debug|Win32
		{48D85F72-E1BA-47F9-B422-CF2CF0236E36}.Release|x64.ActiveCfg = Release|x64
		{48D85F72-E1BA-47F9-B422-CF2CF0236E36}.Release|x64.Build.0 = Release|x64
		{48D85F72-E1BA-47F9-B422-CF2CF0236E36}.Release|x86.ActiveCfg = Release|Win32
		{48D85F72-E1BA-47F9-B422-CF2CF0236E36}.Release|x86.Build.0 = Release|Win32
		{FD9EB706-3925-4139-AC05-0113A31B1B22}.Debug|x64.ActiveCfg = Debug|x64
		{FD9EB706-3925-4139-AC05-0113A31B1B22}.Debug|x64.Build.0 = Debug|x64
		{FD9EB706-3925-4139-AC05-0113A31B1B22}.Debug|x86.ActiveCfg = Debug|Win32
		{FD9EB706-3925-4139-AC05-0113A31B1B22}.Debug|x86.Build.0 = Debug|Win32
		{FD9EB706-3925-4139-AC05-0113A31B1B22}.Release|x64.ActiveCfg = Release|x64
		{FD9EB706-3925-4139-AC05-0113A31B1B22}.Release|x64.Build.0 = Release|x64
		{FD9EB706-3925-4139-AC05-0113A31B1B22}.Release|x86.ActiveCfg = Release|Win32
		{FD9EB706-3925-4139-AC05-0113A31B1B22}.Release|x86.Build.0 = Release|Win32
		{C5D9BF29-E161-469D-9703-5D02076F573D}.Debug|x64.ActiveCfg = Debug|x64
		{C5D9BF29-E161-469D-9703-5D02076F573D}.Debug|x64.Build.0 = Debug|x64
		{C5D9BF29-E161-469D-9703-5D02076F573D}.Debug|x86.ActiveCfg = Debug|Win32
		{C5D9BF29-E161-469D-9703-5D02076F573D}.Debug|x86.Build.0 = Debug|Win32
		{C5D9BF29-E161-469D-9703-5D02076F573D}.Release|x64.ActiveCfg = Release|x64
		{C5D9BF29-E161-469D-9703-5D02076F573D}.Release|x64.Build.0 = Release|x64
		{C5D9BF29-E161-469D-9703-5D02076F573D}.Release|x86.ActiveCfg = Release|Win32
		{C5D9BF29-E161-469D-9703-5D02076F573D}.Release|x86.Build.0 = Release|Win32
		{B8ADEB6B-2875-4902-B9F6-957B6A8B2228}.Debug|x64.ActiveCfg = Debug|x64
		{B8ADEB6B-2875-4902-B9F6-957B6A8B2228}.Debug|x64.Build.0 = Debug|x64
		{B8ADEB6B-2875-4902-B9F6-957B6A8B2228}.Debug|x86.ActiveCfg = Debug|Win32
		{B8ADEB6B-2875-4902-B9F6-957B6A8B2228}.Debug|x86.Build.0 = Debug|Win32
		{B8ADEB6B-2875-4902-B9F6-957B6A8B2228}.Release|x64.ActiveCfg = Release|x64
		{B8ADEB6B-2875-4902-B9F6-957B6A8B2228}.Release|x64.Build.0 = Release|x64
		{B8ADEB6B-2875-4902-B9F6-957B6A8B2228}.Release|x86.ActiveCfg = Release|Win32
		{B8ADEB6B-2875-4902-B9F6-957B6A8B2228}.Release|x86.Build.0 = Release|Win32
		{F13FD2AE-D150-47DB-8477-FB3FB2671FE1}.Debug|x64.ActiveCfg = Debug|x64
		{F13FD2AE-D150-47DB-8477-FB3FB2671FE1}.Debug|x64.Build.0 = Debug|x64
		{F13FD2AE-D150-47DB-8477-FB3FB2671FE1}.Debug|x86.ActiveCfg = Debug|Win32
		{F13FD2AE-D150-47DB-8477-FB3FB2671FE1}.Debug|x86.Build.0 = Debug|Win32
		{F13FD2AE-D150-47DB-8477-FB3FB2671FE1}.Release|x64.ActiveCfg = Release|x64
		{F13FD2AE-D150-47DB-8477-FB3FB2671FE1}.Release|x64.Build.0 = Release|x64
		{F13FD2AE-D150-47DB-8477-FB3FB2671FE1}.Release|x86.ActiveCfg = Release|Win32
		{F13FD2AE-D150-47DB-8477-FB3FB2671FE1}.Release|x86.Build.0 = Release|Win32
		{9D389A4C-0114-41EC-868C-6E5B055A2913}.Debug|x64.ActiveCfg = Debug|x64
		{9D389A4C-0114-41EC-868C-6E5B055A2913}.Debug|x64.Build.0 = Debug|x64
		{9D389A4C-0114-41EC-868C-6E5B055A2913}.Debug|x86.ActiveCfg = Debug|Win32
		{9D389A4C-0114-41EC-868C-6E5B055A2913}.Debug|x86.Build.0 = Debug|Win32
		{9D389A4C-0114-41EC-868C-6E5B055A2913}.Release|x64.ActiveCfg = Release|x64
		{9D389A4C-0114-41EC-868C-6E5B055A2913}.Release|x64.Build.0 = Release|x64
		{9D389A4C-0114-41EC-868C-6E5B055A2913}.Release|x86.ActiveCfg = Release|Win32
		{9D389A4C-0114-41EC-868C-6E5B055A2913}.Release|x86.Build.0 = Release|Win32
		{07DC8977-B04A-4AA5-8151-93D574EBA3B6}.Debug|x64.ActiveCfg = Debug|x64
		{07DC8977-B04A-4AA5-8151-93D574EBA3B6}.Debug|x64.Build.0 = Debug|x64
		{07DC8977-B04A-4AA5-8151-93D574EBA3B6}.Debug|x86.ActiveCfg = Debug|Win32
		{07DC8977-B04A-4AA5-8151-93D574EBA3B6}.Debug|x86.Build.0 = Debug|Win32
		{07DC8977-B04A-4AA5-8151-93D574EBA3B6}.Release|x64.ActiveCfg = Release|x64
		{07DC8977-B04A-4AA5-8151-93D574EBA3B6}.Release|x64.Build.0 = Release|x64
		{07DC8977-B04A-4AA5-8151-93D574EBA3B6}.Release|x86.ActiveCfg = Release|Win32
		{07DC8977-B04A-4AA5-8151-93D574EBA3B6}.Release|x86.Build.0 = Release|Win32
		{6A23AF53-EF49-4621-84E9-7A155B99BB70}.Debug|x64.ActiveCfg = Debug|x64
		{6A23AF53-EF49-4621-84E9-7A155B99BB70}.Debug|x64.Build.0 = Debug|x64
		{6A23AF53-EF49-4621-84E9-7A155B99BB70}.Debug|x86.ActiveCfg = Debug|Win32
		{6A23AF53-EF49-4621-84E9-7A155B99BB70}.Debug|x86.Build.0 = Debug|Win32
		{6A23AF53-EF49-4621-84E9-7A155B99BB70}.Release|x64.ActiveCfg = Release|x64
		{6A23AF53-EF49-4621-84E9-7A155B99BB70}.Release|x64.Build.0 = Release|x64
		{6A23AF53-EF49-4621-84E9-7A155B99BB70}.Release|x86.ActiveCfg = Release|Win32
		{6A23AF53-EF49-4621-84E9-7A155B99BB70}.Release|x86.Build.0 = Release|Win32
		{D834CEAE-5727-4DCA-893D-5AADD893DDB1}.Debug|x64.ActiveCfg = Debug|x64
		{D834CEAE-5727-4DCA-893D-5AADD893DDB1}.Debug|x64.Build.0 = Debug|x64
		{D834CEAE-5727-4DCA-893D-5AADD893DDB1}.Debug|x86.ActiveCfg = Debug|Win32
		{D834CEAE-5727-4DCA-893D-5AADD893DDB1}.Debug|x86.Build.0 = Debug|Win32
		{D834CEAE-5727-4DCA-893D-5AADD893DDB1}.Release|x64.ActiveCfg = Release|x64
		{D834CEAE-5727-4DCA-893D-5AADD893DDB1}.Release|x64.Build.0 = Release|x64
		{D834CEAE-5727-4DCA-893D-5AADD893DDB1}.Release|x86.ActiveCfg = Release|Win32
		{D834CEAE-5727-4DCA-893D-5AADD893DDB1}.Release|x86.Build.0 = Release|Win32
		{7645423F-D04B-45CF-A47B-6E4CC9E4B0BB}.Debug|x64.ActiveCfg = Debug|x64
		{7645423F-D04B-45CF-A47B-6E4CC9E4B0BB}.Debug|x64.Build.0 = Debug|x64
		{7645423F-D04B-45CF-A47B-6E4CC9E4B0BB}.Debug|x86.ActiveCfg = Debug|Win32
		{7645423F-D04B-45CF-A47B-6E4CC9E4B0BB}.Debug|x86.Build.0 = Debug|Win32
		{7645423F-D04B-45CF-A47B-6E4CC9E4B0BB}.Release|x64.ActiveCfg = Release|x64
		{7645423F-D04B-45CF-A47B-6E4CC9E4B0BB}.Release|x64.Build.0 = Release|x64
		{7645423F-D04B-45CF-A47B-6E4CC9E4B0BB}.Release|x86.ActiveCfg = Release|Win32
		{7645423F-D04B-45CF-A47B-6E4CC9E4B0BB}.Release|x86.Build.0 = Release|Win32
		{D8F43779-C5F0-4818-8FBC-5BDCE0EA94C6}.Debug|x64.ActiveCfg = Debug|x64
		{D8F43779-C5F0-4818-8FBC-5BDCE0EA94C6}.Debug|x64.Build.0 = Debug|x64
		{D8F43779-C5F0-4818-8FBC-5BDCE0EA94C6}.Debug|x86.ActiveCfg = Debug|Win32
		{D8F43779-C5F0-4818-8FBC-5BDCE0EA94C6}.Debug|x86.Build.0 = Debug|Win32
		{D8F43779-C5F0-4818-8FBC-5BDCE0EA94C6}.Release|x64.ActiveCfg = Release|x64
		{D8F43779-C5F0-4818-8FBC-5BDCE0EA94C6}.Release|x64.Build.0 = Release|x64
		{D8F43779-C5F0-4818-8FBC-5BDCE0EA94C6}.Release|x86.ActiveCfg = Release|Win32
		{D8F43779-C5F0-4818-8FBC-5BDCE0EA94C6}.Release|x86.Build.0 = Release|Win32
		{F30F1146-1C67-45AD-8932-C11DF6C40826}.Debug|x64.ActiveCfg = Debug|x64
		{F30F1146-1C67-45AD-8932-C11DF6C40826}.Debug|x64.Build.0 = Debug|x64
		{F30F1146-1C67-45AD-8932-C11DF6C40826}.Debug|x86.ActiveCfg = Debug|Win32
		{F30F1146-1C67-45AD-8932-C11DF6C40826}.Debug|x86.Build.0 = Debug|Win32
		{F30F1146-1C67-45AD-8932-C11DF6C40826}.Release|x64.ActiveCfg = Release|x64
		{F30F1146-1C67-45AD-8932-C11DF6C40826}.Release|x64.Build.0 = Release|x64
		{F30F1146-1C67-45AD-8932-C11DF6C40826}.Release|x86.ActiveCfg = Release|Win32
		{F30F1146-1C67-45AD-8932-C11DF6C40826}.Release|x86.Build.0 = Release|Win32
		{BA515BD5-57E7-4EA9-8B99-D36D9AD3A300}.Debug|x64.ActiveCfg = Debug|x64
		{BA515BD5-57E7-4EA9-8B99-D36D9AD3A300}.Debug|x64.Build.0 = Debug|x64
		{BA515BD5-57E7-4EA9-8B99-D36D9AD3A300}.Debug|x86.ActiveCfg = Debug|Win32
		{BA515BD5-57E7-4EA9-8B99-D36D9AD3A300}.Debug|x86.Build.0 = Debug|Win32
		{BA515BD5-57E7-4EA9-8B99-D36D9AD3A300}.Release|x64.ActiveCfg = Release|x64
		{BA515BD5-57E7-4EA9-8B99-D36D9AD3A300}.Release|x64.Build.0 = Release|x64
		{BA515BD5-57E7-4EA9-8B99-D36D9AD3A300}.Release|x86.ActiveCfg = Release|Win32
		{BA515BD5-57E7-4EA9-8B99-D36D9AD3A300}.Release|x86.Build.0 = Release|Win32
		{A2DDF69F-D941-4471-A0B4-6DE48E405D92}.Debug|x64.ActiveCfg = Debug|x64
		{A2DDF69F-D941-4471-A0B4-6DE48E405D92}.Debug|x64.Build.0 = Debug|x64
		{A2DDF69F-D941-4471-A0B4-6DE48E405D92}.Debug|x86.ActiveCfg = Debug|Win32
		{A2DDF69F-D941-4471-A0B4-6DE48E405D92}.Debug|x86.Build.0 = Debug|Win32
		{A2DDF69F-D941-4471-A0B4-6DE48E405D92}.Release|x64.ActiveCfg = Release|x64
		{A2DDF69F-D941-4471-A0B4-6DE48E405D92}.Release|x64.Build.0 = Release|x64
		{A2DDF69F-D941-4471-A0B4-6DE48E405D92}.Release|x86.ActiveCfg = Release|Win32
		{A2DDF69F-D941-4471-A0B4-6DE48E405D92}.Release|x86.Build.0 = Release|Win32
		{D9F9B88E-961B-4D01-AB73-0B6712896744}.Debug|x64.ActiveCfg = Debug|x64
		{D9F9B88E-961B-4D01-AB73-0B6712896744}.Debug|x64.Build.0 = Debug|x64
		{D9F9B88E-961B-4D01-AB73-0B6712896744}.Debug|x86.ActiveCfg = Debug|Win32
		{D9F9B88E-961B-4D01-AB73-0B6712896744}.Debug|x86.Build.0 = Debug|Win32
		{D9F9B88E-961B-4D01-AB73-0B6712896744}.Release|x64.ActiveCfg = Release|x64
		{D9F9B88E-961B-4D01-AB73-0B6712896744}.Release|x64.Build.0 = Release|x64
		{D9F9B88E-961B-4D01-AB73-0B6712896744}.Release|x86.ActiveCfg = Release|Win32
		{D9F9B88E-961B-4D01-AB73-0B6712896744}.Release|x86.Build.0 = Release|Win32
		{19313803-D3AF-4695-9D1D-FDED36AE72FF}.Debug|x64.ActiveCfg = Debug|x64
		{19313803-D3AF-4695-9D1D-FDED36AE72FF}.Debug|x64.Build.0 = Debug|x64
		{19313803-D3AF-4695-9D1D-FDED36AE72FF}.Debug|x86.ActiveCfg = Debug|Win32
		{19313803-D3AF-4695-9D1D-FDED36AE72FF}.Debug|x86.Build.0 = Debug|Win32
		{19313803-D3AF-4695-9D1D-FDED36AE72FF}.Release|x64.ActiveCfg = Release|x64
		{19313803-D3AF-4695-9D1D-FDED36AE72FF}.Release|x64.Build.0 = Release|x64
		{19313803-D3AF-4695-9D1D-FDED36AE72FF}.Release|x86.ActiveCfg = Release|Win32
		{19313803-D3AF-4695-9D1D-FDED36AE72FF}.Release|x86.Build.0 = Release|Win32
	EndGlobalSection
	GlobalSection(SolutionProperties) = preSolution
		HideSolutionNode = FALSE
	EndGlobalSection
	GlobalSection(ExtensibilityGlobals) = postSolution
		SolutionGuid = {A8BD04EC-4DAE-46D4-A635-8318C2D00E43}
	EndGlobalSection
EndGlobal
